
Microsoft Visual Studio Solution File, Format Version 12.00
# Visual Studio 14
VisualStudioVersion = 14.0.25420.1
MinimumVisualStudioVersion = 10.0.40219.1
Project("{8BC9CEB8-8B4A-11D0-8D11-00A0C91BC942}") = "BoostPythonTests", "BoostPythonTests\BoostPythonTests.vcxproj", "{DDB86C96-17F7-4FE4-B217-3AC22747B338}"
EndProject
Project("{8BC9CEB8-8B4A-11D0-8D11-00A0C91BC942}") = "VerySimpleExamples", "VerySimpleExamples\VerySimpleExamples.vcxproj", "{AFB92214-9A14-4DB4-BB34-22C710285E2B}"
EndProject
Project("{888888A0-9F3D-457C-B088-3A5042F75D52}") = "PythonTestPart", "PythonTestPart\PythonTestPart.pyproj", "{B72B3FE6-7FFD-480D-AA25-8773525B29A2}"
EndProject
Global
	GlobalSection(SolutionConfigurationPlatforms) = preSolution
		Debug|Any CPU = Debug|Any CPU
		Debug|x64 = Debug|x64
		Debug|x86 = Debug|x86
		Release|Any CPU = Release|Any CPU
		Release|x64 = Release|x64
		Release|x86 = Release|x86
	EndGlobalSection
	GlobalSection(ProjectConfigurationPlatforms) = postSolution
		{DDB86C96-17F7-4FE4-B217-3AC22747B338}.Debug|Any CPU.ActiveCfg = Debug|Win32
		{DDB86C96-17F7-4FE4-B217-3AC22747B338}.Debug|x64.ActiveCfg = Debug|x64
		{DDB86C96-17F7-4FE4-B217-3AC22747B338}.Debug|x64.Build.0 = Debug|x64
		{DDB86C96-17F7-4FE4-B217-3AC22747B338}.Debug|x86.ActiveCfg = Debug|Win32
		{DDB86C96-17F7-4FE4-B217-3AC22747B338}.Debug|x86.Build.0 = Debug|Win32
		{DDB86C96-17F7-4FE4-B217-3AC22747B338}.Release|Any CPU.ActiveCfg = Release|Win32
		{DDB86C96-17F7-4FE4-B217-3AC22747B338}.Release|x64.ActiveCfg = Release|x64
		{DDB86C96-17F7-4FE4-B217-3AC22747B338}.Release|x64.Build.0 = Release|x64
		{DDB86C96-17F7-4FE4-B217-3AC22747B338}.Release|x86.ActiveCfg = Release|Win32
		{DDB86C96-17F7-4FE4-B217-3AC22747B338}.Release|x86.Build.0 = Release|Win32
		{AFB92214-9A14-4DB4-BB34-22C710285E2B}.Debug|Any CPU.ActiveCfg = Debug|Win32
		{AFB92214-9A14-4DB4-BB34-22C710285E2B}.Debug|x64.ActiveCfg = Debug|x64
		{AFB92214-9A14-4DB4-BB34-22C710285E2B}.Debug|x64.Build.0 = Debug|x64
		{AFB92214-9A14-4DB4-BB34-22C710285E2B}.Debug|x86.ActiveCfg = Debug|Win32
		{AFB92214-9A14-4DB4-BB34-22C710285E2B}.Debug|x86.Build.0 = Debug|Win32
		{AFB92214-9A14-4DB4-BB34-22C710285E2B}.Release|Any CPU.ActiveCfg = Release|Win32
		{AFB92214-9A14-4DB4-BB34-22C710285E2B}.Release|x64.ActiveCfg = Release|x64
		{AFB92214-9A14-4DB4-BB34-22C710285E2B}.Release|x64.Build.0 = Release|x64
		{AFB92214-9A14-4DB4-BB34-22C710285E2B}.Release|x86.ActiveCfg = Release|Win32
		{AFB92214-9A14-4DB4-BB34-22C710285E2B}.Release|x86.Build.0 = Release|Win32
		{B72B3FE6-7FFD-480D-AA25-8773525B29A2}.Debug|Any CPU.ActiveCfg = Debug|Any CPU
		{B72B3FE6-7FFD-480D-AA25-8773525B29A2}.Debug|x64.ActiveCfg = Debug|Any CPU
		{B72B3FE6-7FFD-480D-AA25-8773525B29A2}.Debug|x86.ActiveCfg = Debug|Any CPU
		{B72B3FE6-7FFD-480D-AA25-8773525B29A2}.Release|Any CPU.ActiveCfg = Release|Any CPU
		{B72B3FE6-7FFD-480D-AA25-8773525B29A2}.Release|x64.ActiveCfg = Release|Any CPU
		{B72B3FE6-7FFD-480D-AA25-8773525B29A2}.Release|x86.ActiveCfg = Release|Any CPU
	EndGlobalSection
	GlobalSection(SolutionProperties) = preSolution
		HideSolutionNode = FALSE
	EndGlobalSection
EndGlobal
