<?xml version="1.0" encoding="utf-8"?>
<Project ToolsVersion="4.0" xmlns="http://schemas.microsoft.com/developer/msbuild/2003">
  <ItemGroup>
    <ClCompile Include="main.cpp" />
    <ClCompile Include="Serializer\GenericVariable.cpp">
      <Filter>Serializer</Filter>
    </ClCompile>
    <ClCompile Include="Serializer\Serializer.cpp">
      <Filter>Serializer</Filter>
    </ClCompile>
    <ClCompile Include="Serializer\ParametersControlForm.cpp">
      <Filter>Serializer</Filter>
    </ClCompile>
    <ClCompile Include="Serializer\TextBoxWrapper.cpp">
      <Filter>Serializer</Filter>
    </ClCompile>
  </ItemGroup>
  <ItemGroup>
    <Filter Include="Serializer">
      <UniqueIdentifier>{06aad746-6b2d-4df9-acce-df5073ddc0f1}</UniqueIdentifier>
    </Filter>
  </ItemGroup>
  <ItemGroup>
    <ClInclude Include="Serializer\GenericVariable.h">
      <Filter>Serializer</Filter>
    </ClInclude>
    <ClInclude Include="Serializer\Serializer.h">
      <Filter>Serializer</Filter>
    </ClInclude>
    <ClInclude Include="Serializer\ParametersControlForm.h">
      <Filter>Serializer</Filter>
    </ClInclude>
    <ClInclude Include="Serializer\TextBoxWrapper.h">
      <Filter>Serializer</Filter>
    </ClInclude>
    <ClInclude Include="Serializer\WidgetBase.h">
      <Filter>Serializer</Filter>
    </ClInclude>
  </ItemGroup>
</Project>