<?xml version="1.0" encoding="utf-8"?>
<Project ToolsVersion="4.0" xmlns="http://schemas.microsoft.com/developer/msbuild/2003">
  <ItemGroup>
    <ClCompile Include="main.cpp" />
    <ClCompile Include="TestGUI.cpp" />
    <ClCompile Include="TestWorker.cpp" />
    <ClCompile Include="EventHandler.cpp" />
    <ClCompile Include="EventManager.cpp" />
  </ItemGroup>
  <ItemGroup>
    <ClInclude Include="TestGUI.h" />
    <ClInclude Include="TestWorker.h" />
    <ClInclude Include="EventHandler.h" />
    <ClInclude Include="EventManager.h" />
  </ItemGroup>
</Project>