
Microsoft Visual Studio Solution File, Format Version 12.00
# Visual Studio 14
VisualStudioVersion = 14.0.25420.1
MinimumVisualStudioVersion = 10.0.40219.1
Project("{8BC9CEB8-8B4A-11D0-8D11-00A0C91BC942}") = "NanaTest", "NanaTest\NanaTest.vcxproj", "{A4ED261A-ACF7-4E9B-A8D8-DB0D17FC9273}"
EndProject
Project("{8BC9CEB8-8B4A-11D0-8D11-00A0C91BC942}") = "VoidPointerToStringCastingTest", "VoidPointerToStringCastingTest\VoidPointerToStringCastingTest.vcxproj", "{5EF61E01-0AD5-44F2-A250-86F09CA31627}"
EndProject
Project("{8BC9CEB8-8B4A-11D0-8D11-00A0C91BC942}") = "GenericPointerTest", "GenericPointerTest\GenericPointerTest.vcxproj", "{35A5093D-C402-472D-96DA-2D95886CB823}"
EndProject
Project("{8BC9CEB8-8B4A-11D0-8D11-00A0C91BC942}") = "JsonTest", "JsonTest\JsonTest.vcxproj", "{75D3802C-4A7E-43AC-94A9-6F163B299458}"
EndProject
Project("{8BC9CEB8-8B4A-11D0-8D11-00A0C91BC942}") = "Doodles", "Doodles\Doodles.vcxproj", "{815E0804-3671-4AB3-A542-5B0A2674152D}"
EndProject
Project("{8BC9CEB8-8B4A-11D0-8D11-00A0C91BC942}") = "PointerIPC", "PointerIPC\PointerIPC.vcxproj", "{C59FB53D-3C9A-4EC7-A222-49FA1CADEC52}"
EndProject
Project("{8BC9CEB8-8B4A-11D0-8D11-00A0C91BC942}") = "PointerIPC_Server", "PointerIPC_Server\PointerIPC_Server.vcxproj", "{D777A460-A390-4343-9FC7-4D66DBDCCF91}"
EndProject
Project("{8BC9CEB8-8B4A-11D0-8D11-00A0C91BC942}") = "PointerIPC_Client", "PointerIPC_Client\PointerIPC_Client.vcxproj", "{472DDB9E-EC8D-4DB7-B16E-48199C1C357C}"
EndProject
Project("{8BC9CEB8-8B4A-11D0-8D11-00A0C91BC942}") = "ReadProcessMemoryTest", "ReadProcessMemoryTest\ReadProcessMemoryTest.vcxproj", "{CC0934E3-B563-48F1-8876-D980BEEDF46C}"
EndProject
Global
	GlobalSection(SolutionConfigurationPlatforms) = preSolution
		Debug|x64 = Debug|x64
		Debug|x86 = Debug|x86
		Release|x64 = Release|x64
		Release|x86 = Release|x86
	EndGlobalSection
	GlobalSection(ProjectConfigurationPlatforms) = postSolution
		{A4ED261A-ACF7-4E9B-A8D8-DB0D17FC9273}.Debug|x64.ActiveCfg = Debug|x64
		{A4ED261A-ACF7-4E9B-A8D8-DB0D17FC9273}.Debug|x64.Build.0 = Debug|x64
		{A4ED261A-ACF7-4E9B-A8D8-DB0D17FC9273}.Debug|x86.ActiveCfg = Debug|Win32
		{A4ED261A-ACF7-4E9B-A8D8-DB0D17FC9273}.Debug|x86.Build.0 = Debug|Win32
		{A4ED261A-ACF7-4E9B-A8D8-DB0D17FC9273}.Release|x64.ActiveCfg = Release|x64
		{A4ED261A-ACF7-4E9B-A8D8-DB0D17FC9273}.Release|x64.Build.0 = Release|x64
		{A4ED261A-ACF7-4E9B-A8D8-DB0D17FC9273}.Release|x86.ActiveCfg = Release|Win32
		{A4ED261A-ACF7-4E9B-A8D8-DB0D17FC9273}.Release|x86.Build.0 = Release|Win32
		{5EF61E01-0AD5-44F2-A250-86F09CA31627}.Debug|x64.ActiveCfg = Debug|x64
		{5EF61E01-0AD5-44F2-A250-86F09CA31627}.Debug|x64.Build.0 = Debug|x64
		{5EF61E01-0AD5-44F2-A250-86F09CA31627}.Debug|x86.ActiveCfg = Debug|Win32
		{5EF61E01-0AD5-44F2-A250-86F09CA31627}.Debug|x86.Build.0 = Debug|Win32
		{5EF61E01-0AD5-44F2-A250-86F09CA31627}.Release|x64.ActiveCfg = Release|x64
		{5EF61E01-0AD5-44F2-A250-86F09CA31627}.Release|x64.Build.0 = Release|x64
		{5EF61E01-0AD5-44F2-A250-86F09CA31627}.Release|x86.ActiveCfg = Release|Win32
		{5EF61E01-0AD5-44F2-A250-86F09CA31627}.Release|x86.Build.0 = Release|Win32
		{35A5093D-C402-472D-96DA-2D95886CB823}.Debug|x64.ActiveCfg = Debug|x64
		{35A5093D-C402-472D-96DA-2D95886CB823}.Debug|x64.Build.0 = Debug|x64
		{35A5093D-C402-472D-96DA-2D95886CB823}.Debug|x86.ActiveCfg = Debug|Win32
		{35A5093D-C402-472D-96DA-2D95886CB823}.Debug|x86.Build.0 = Debug|Win32
		{35A5093D-C402-472D-96DA-2D95886CB823}.Release|x64.ActiveCfg = Release|x64
		{35A5093D-C402-472D-96DA-2D95886CB823}.Release|x64.Build.0 = Release|x64
		{35A5093D-C402-472D-96DA-2D95886CB823}.Release|x86.ActiveCfg = Release|Win32
		{35A5093D-C402-472D-96DA-2D95886CB823}.Release|x86.Build.0 = Release|Win32
		{75D3802C-4A7E-43AC-94A9-6F163B299458}.Debug|x64.ActiveCfg = Debug|x64
		{75D3802C-4A7E-43AC-94A9-6F163B299458}.Debug|x64.Build.0 = Debug|x64
		{75D3802C-4A7E-43AC-94A9-6F163B299458}.Debug|x86.ActiveCfg = Debug|Win32
		{75D3802C-4A7E-43AC-94A9-6F163B299458}.Debug|x86.Build.0 = Debug|Win32
		{75D3802C-4A7E-43AC-94A9-6F163B299458}.Release|x64.ActiveCfg = Release|x64
		{75D3802C-4A7E-43AC-94A9-6F163B299458}.Release|x64.Build.0 = Release|x64
		{75D3802C-4A7E-43AC-94A9-6F163B299458}.Release|x86.ActiveCfg = Release|Win32
		{75D3802C-4A7E-43AC-94A9-6F163B299458}.Release|x86.Build.0 = Release|Win32
		{815E0804-3671-4AB3-A542-5B0A2674152D}.Debug|x64.ActiveCfg = Debug|x64
		{815E0804-3671-4AB3-A542-5B0A2674152D}.Debug|x64.Build.0 = Debug|x64
		{815E0804-3671-4AB3-A542-5B0A2674152D}.Debug|x86.ActiveCfg = Debug|Win32
		{815E0804-3671-4AB3-A542-5B0A2674152D}.Debug|x86.Build.0 = Debug|Win32
		{815E0804-3671-4AB3-A542-5B0A2674152D}.Release|x64.ActiveCfg = Release|x64
		{815E0804-3671-4AB3-A542-5B0A2674152D}.Release|x64.Build.0 = Release|x64
		{815E0804-3671-4AB3-A542-5B0A2674152D}.Release|x86.ActiveCfg = Release|Win32
		{815E0804-3671-4AB3-A542-5B0A2674152D}.Release|x86.Build.0 = Release|Win32
		{C59FB53D-3C9A-4EC7-A222-49FA1CADEC52}.Debug|x64.ActiveCfg = Debug|x64
		{C59FB53D-3C9A-4EC7-A222-49FA1CADEC52}.Debug|x64.Build.0 = Debug|x64
		{C59FB53D-3C9A-4EC7-A222-49FA1CADEC52}.Debug|x86.ActiveCfg = Debug|Win32
		{C59FB53D-3C9A-4EC7-A222-49FA1CADEC52}.Debug|x86.Build.0 = Debug|Win32
		{C59FB53D-3C9A-4EC7-A222-49FA1CADEC52}.Release|x64.ActiveCfg = Release|x64
		{C59FB53D-3C9A-4EC7-A222-49FA1CADEC52}.Release|x64.Build.0 = Release|x64
		{C59FB53D-3C9A-4EC7-A222-49FA1CADEC52}.Release|x86.ActiveCfg = Release|Win32
		{C59FB53D-3C9A-4EC7-A222-49FA1CADEC52}.Release|x86.Build.0 = Release|Win32
		{D777A460-A390-4343-9FC7-4D66DBDCCF91}.Debug|x64.ActiveCfg = Debug|x64
		{D777A460-A390-4343-9FC7-4D66DBDCCF91}.Debug|x64.Build.0 = Debug|x64
		{D777A460-A390-4343-9FC7-4D66DBDCCF91}.Debug|x86.ActiveCfg = Debug|Win32
		{D777A460-A390-4343-9FC7-4D66DBDCCF91}.Debug|x86.Build.0 = Debug|Win32
		{D777A460-A390-4343-9FC7-4D66DBDCCF91}.Release|x64.ActiveCfg = Release|x64
		{D777A460-A390-4343-9FC7-4D66DBDCCF91}.Release|x64.Build.0 = Release|x64
		{D777A460-A390-4343-9FC7-4D66DBDCCF91}.Release|x86.ActiveCfg = Release|Win32
		{D777A460-A390-4343-9FC7-4D66DBDCCF91}.Release|x86.Build.0 = Release|Win32
		{472DDB9E-EC8D-4DB7-B16E-48199C1C357C}.Debug|x64.ActiveCfg = Debug|x64
		{472DDB9E-EC8D-4DB7-B16E-48199C1C357C}.Debug|x64.Build.0 = Debug|x64
		{472DDB9E-EC8D-4DB7-B16E-48199C1C357C}.Debug|x86.ActiveCfg = Debug|Win32
		{472DDB9E-EC8D-4DB7-B16E-48199C1C357C}.Debug|x86.Build.0 = Debug|Win32
		{472DDB9E-EC8D-4DB7-B16E-48199C1C357C}.Release|x64.ActiveCfg = Release|x64
		{472DDB9E-EC8D-4DB7-B16E-48199C1C357C}.Release|x64.Build.0 = Release|x64
		{472DDB9E-EC8D-4DB7-B16E-48199C1C357C}.Release|x86.ActiveCfg = Release|Win32
		{472DDB9E-EC8D-4DB7-B16E-48199C1C357C}.Release|x86.Build.0 = Release|Win32
		{CC0934E3-B563-48F1-8876-D980BEEDF46C}.Debug|x64.ActiveCfg = Debug|x64
		{CC0934E3-B563-48F1-8876-D980BEEDF46C}.Debug|x64.Build.0 = Debug|x64
		{CC0934E3-B563-48F1-8876-D980BEEDF46C}.Debug|x86.ActiveCfg = Debug|Win32
		{CC0934E3-B563-48F1-8876-D980BEEDF46C}.Debug|x86.Build.0 = Debug|Win32
		{CC0934E3-B563-48F1-8876-D980BEEDF46C}.Release|x64.ActiveCfg = Release|x64
		{CC0934E3-B563-48F1-8876-D980BEEDF46C}.Release|x64.Build.0 = Release|x64
		{CC0934E3-B563-48F1-8876-D980BEEDF46C}.Release|x86.ActiveCfg = Release|Win32
		{CC0934E3-B563-48F1-8876-D980BEEDF46C}.Release|x86.Build.0 = Release|Win32
	EndGlobalSection
	GlobalSection(SolutionProperties) = preSolution
		HideSolutionNode = FALSE
	EndGlobalSection
EndGlobal
