
Microsoft Visual Studio Solution File, Format Version 12.00
# Visual Studio 14
VisualStudioVersion = 14.0.25420.1
MinimumVisualStudioVersion = 10.0.40219.1
Project("{8BC9CEB8-8B4A-11D0-8D11-00A0C91BC942}") = "NanaTest", "NanaTest\NanaTest.vcxproj", "{A4ED261A-ACF7-4E9B-A8D8-DB0D17FC9273}"
EndProject
Project("{8BC9CEB8-8B4A-11D0-8D11-00A0C91BC942}") = "VoidPointerToStringCastingTest", "VoidPointerToStringCastingTest\VoidPointerToStringCastingTest.vcxproj", "{5EF61E01-0AD5-44F2-A250-86F09CA31627}"
EndProject
Project("{8BC9CEB8-8B4A-11D0-8D11-00A0C91BC942}") = "GenericPointerTest", "GenericPointerTest\GenericPointerTest.vcxproj", "{35A5093D-C402-472D-96DA-2D95886CB823}"
EndProject
Project("{8BC9CEB8-8B4A-11D0-8D11-00A0C91BC942}") = "JsonTest", "JsonTest\JsonTest.vcxproj", "{75D3802C-4A7E-43AC-94A9-6F163B299458}"
EndProject
Project("{8BC9CEB8-8B4A-11D0-8D11-00A0C91BC942}") = "InheritanceTest", "InheritanceTest\InheritanceTest.vcxproj", "{00892052-65F7-4FFE-BD21-1BD249D75C0A}"
EndProject
Global
	GlobalSection(SolutionConfigurationPlatforms) = preSolution
		Debug|x64 = Debug|x64
		Debug|x86 = Debug|x86
		Release|x64 = Release|x64
		Release|x86 = Release|x86
	EndGlobalSection
	GlobalSection(ProjectConfigurationPlatforms) = postSolution
		{A4ED261A-ACF7-4E9B-A8D8-DB0D17FC9273}.Debug|x64.ActiveCfg = Debug|x64
		{A4ED261A-ACF7-4E9B-A8D8-DB0D17FC9273}.Debug|x64.Build.0 = Debug|x64
		{A4ED261A-ACF7-4E9B-A8D8-DB0D17FC9273}.Debug|x86.ActiveCfg = Debug|Win32
		{A4ED261A-ACF7-4E9B-A8D8-DB0D17FC9273}.Debug|x86.Build.0 = Debug|Win32
		{A4ED261A-ACF7-4E9B-A8D8-DB0D17FC9273}.Release|x64.ActiveCfg = Release|x64
		{A4ED261A-ACF7-4E9B-A8D8-DB0D17FC9273}.Release|x64.Build.0 = Release|x64
		{A4ED261A-ACF7-4E9B-A8D8-DB0D17FC9273}.Release|x86.ActiveCfg = Release|Win32
		{A4ED261A-ACF7-4E9B-A8D8-DB0D17FC9273}.Release|x86.Build.0 = Release|Win32
		{5EF61E01-0AD5-44F2-A250-86F09CA31627}.Debug|x64.ActiveCfg = Debug|x64
		{5EF61E01-0AD5-44F2-A250-86F09CA31627}.Debug|x64.Build.0 = Debug|x64
		{5EF61E01-0AD5-44F2-A250-86F09CA31627}.Debug|x86.ActiveCfg = Debug|Win32
		{5EF61E01-0AD5-44F2-A250-86F09CA31627}.Debug|x86.Build.0 = Debug|Win32
		{5EF61E01-0AD5-44F2-A250-86F09CA31627}.Release|x64.ActiveCfg = Release|x64
		{5EF61E01-0AD5-44F2-A250-86F09CA31627}.Release|x64.Build.0 = Release|x64
		{5EF61E01-0AD5-44F2-A250-86F09CA31627}.Release|x86.ActiveCfg = Release|Win32
		{5EF61E01-0AD5-44F2-A250-86F09CA31627}.Release|x86.Build.0 = Release|Win32
		{35A5093D-C402-472D-96DA-2D95886CB823}.Debug|x64.ActiveCfg = Debug|x64
		{35A5093D-C402-472D-96DA-2D95886CB823}.Debug|x64.Build.0 = Debug|x64
		{35A5093D-C402-472D-96DA-2D95886CB823}.Debug|x86.ActiveCfg = Debug|Win32
		{35A5093D-C402-472D-96DA-2D95886CB823}.Debug|x86.Build.0 = Debug|Win32
		{35A5093D-C402-472D-96DA-2D95886CB823}.Release|x64.ActiveCfg = Release|x64
		{35A5093D-C402-472D-96DA-2D95886CB823}.Release|x64.Build.0 = Release|x64
		{35A5093D-C402-472D-96DA-2D95886CB823}.Release|x86.ActiveCfg = Release|Win32
		{35A5093D-C402-472D-96DA-2D95886CB823}.Release|x86.Build.0 = Release|Win32
		{75D3802C-4A7E-43AC-94A9-6F163B299458}.Debug|x64.ActiveCfg = Debug|x64
		{75D3802C-4A7E-43AC-94A9-6F163B299458}.Debug|x64.Build.0 = Debug|x64
		{75D3802C-4A7E-43AC-94A9-6F163B299458}.Debug|x86.ActiveCfg = Debug|Win32
		{75D3802C-4A7E-43AC-94A9-6F163B299458}.Debug|x86.Build.0 = Debug|Win32
		{75D3802C-4A7E-43AC-94A9-6F163B299458}.Release|x64.ActiveCfg = Release|x64
		{75D3802C-4A7E-43AC-94A9-6F163B299458}.Release|x64.Build.0 = Release|x64
		{75D3802C-4A7E-43AC-94A9-6F163B299458}.Release|x86.ActiveCfg = Release|Win32
		{75D3802C-4A7E-43AC-94A9-6F163B299458}.Release|x86.Build.0 = Release|Win32
		{00892052-65F7-4FFE-BD21-1BD249D75C0A}.Debug|x64.ActiveCfg = Debug|x64
		{00892052-65F7-4FFE-BD21-1BD249D75C0A}.Debug|x64.Build.0 = Debug|x64
		{00892052-65F7-4FFE-BD21-1BD249D75C0A}.Debug|x86.ActiveCfg = Debug|Win32
		{00892052-65F7-4FFE-BD21-1BD249D75C0A}.Debug|x86.Build.0 = Debug|Win32
		{00892052-65F7-4FFE-BD21-1BD249D75C0A}.Release|x64.ActiveCfg = Release|x64
		{00892052-65F7-4FFE-BD21-1BD249D75C0A}.Release|x64.Build.0 = Release|x64
		{00892052-65F7-4FFE-BD21-1BD249D75C0A}.Release|x86.ActiveCfg = Release|Win32
		{00892052-65F7-4FFE-BD21-1BD249D75C0A}.Release|x86.Build.0 = Release|Win32
	EndGlobalSection
	GlobalSection(SolutionProperties) = preSolution
		HideSolutionNode = FALSE
	EndGlobalSection
EndGlobal
