
Microsoft Visual Studio Solution File, Format Version 12.00
# Visual Studio 15
VisualStudioVersion = 15.0.28010.2019
MinimumVisualStudioVersion = 10.0.40219.1
Project("{8BC9CEB8-8B4A-11D0-8D11-00A0C91BC942}") = "p83", "p83\p83.vcxproj", "{26520EBF-7DFC-495F-8E1F-330E3F6F55B2}"
EndProject
Project("{8BC9CEB8-8B4A-11D0-8D11-00A0C91BC942}") = "p85", "p85\p85.vcxproj", "{06BD9356-2C8C-4223-88AC-A18C1D039823}"
EndProject
Project("{8BC9CEB8-8B4A-11D0-8D11-00A0C91BC942}") = "p89", "p89\p89.vcxproj", "{1329BEA3-B0CD-4D43-9B06-43DEC249CC79}"
EndProject
Project("{8BC9CEB8-8B4A-11D0-8D11-00A0C91BC942}") = "p94", "p94\p94.vcxproj", "{2DE831BE-F958-451C-A864-921E09E8DF26}"
EndProject
Project("{8BC9CEB8-8B4A-11D0-8D11-00A0C91BC942}") = "p108", "p108\p108.vcxproj", "{0621067F-D860-42EE-B741-4E6C6E786AD1}"
EndProject
Project("{8BC9CEB8-8B4A-11D0-8D11-00A0C91BC942}") = "p110", "p110\p110.vcxproj", "{4903E470-47FC-481C-BC67-7D255A7C059A}"
EndProject
Project("{8BC9CEB8-8B4A-11D0-8D11-00A0C91BC942}") = "p113", "p113\p113.vcxproj", "{B06C8C6F-2C20-413B-8D61-F0C5F6A3FF29}"
EndProject
Project("{8BC9CEB8-8B4A-11D0-8D11-00A0C91BC942}") = "p116", "p116\p116.vcxproj", "{64E58670-B493-4EE0-A17F-9B945CE9A4D4}"
EndProject
Project("{8BC9CEB8-8B4A-11D0-8D11-00A0C91BC942}") = "p118", "p118\p118.vcxproj", "{C8BA6406-5A3F-4575-BF16-CA5DC8A508E0}"
EndProject
Project("{8BC9CEB8-8B4A-11D0-8D11-00A0C91BC942}") = "p119", "p119\p119.vcxproj", "{4713AE39-832E-4BBD-87B9-1C8DAE8ADD49}"
EndProject
Project("{8BC9CEB8-8B4A-11D0-8D11-00A0C91BC942}") = "p121", "p121\p121.vcxproj", "{E3D43EA4-DAD2-4414-A562-99B205E5FF8D}"
EndProject
Project("{8BC9CEB8-8B4A-11D0-8D11-00A0C91BC942}") = "p124", "p124\p124.vcxproj", "{4596DB36-48F9-412C-938D-B4CCC583D52E}"
EndProject
Project("{8BC9CEB8-8B4A-11D0-8D11-00A0C91BC942}") = "p127", "p127\p127.vcxproj", "{8EC61598-6E67-4965-A194-E4FE0F0DA1FD}"
EndProject
Project("{8BC9CEB8-8B4A-11D0-8D11-00A0C91BC942}") = "p132", "p132\p132.vcxproj", "{1BA47688-2FFC-4F28-848A-84651EE58FE2}"
EndProject
Global
	GlobalSection(SolutionConfigurationPlatforms) = preSolution
		Debug|x64 = Debug|x64
		Debug|x86 = Debug|x86
		Release|x64 = Release|x64
		Release|x86 = Release|x86
	EndGlobalSection
	GlobalSection(ProjectConfigurationPlatforms) = postSolution
		{26520EBF-7DFC-495F-8E1F-330E3F6F55B2}.Debug|x64.ActiveCfg = Debug|x64
		{26520EBF-7DFC-495F-8E1F-330E3F6F55B2}.Debug|x64.Build.0 = Debug|x64
		{26520EBF-7DFC-495F-8E1F-330E3F6F55B2}.Debug|x86.ActiveCfg = Debug|Win32
		{26520EBF-7DFC-495F-8E1F-330E3F6F55B2}.Debug|x86.Build.0 = Debug|Win32
		{26520EBF-7DFC-495F-8E1F-330E3F6F55B2}.Release|x64.ActiveCfg = Release|x64
		{26520EBF-7DFC-495F-8E1F-330E3F6F55B2}.Release|x64.Build.0 = Release|x64
		{26520EBF-7DFC-495F-8E1F-330E3F6F55B2}.Release|x86.ActiveCfg = Release|Win32
		{26520EBF-7DFC-495F-8E1F-330E3F6F55B2}.Release|x86.Build.0 = Release|Win32
		{06BD9356-2C8C-4223-88AC-A18C1D039823}.Debug|x64.ActiveCfg = Debug|x64
		{06BD9356-2C8C-4223-88AC-A18C1D039823}.Debug|x64.Build.0 = Debug|x64
		{06BD9356-2C8C-4223-88AC-A18C1D039823}.Debug|x86.ActiveCfg = Debug|Win32
		{06BD9356-2C8C-4223-88AC-A18C1D039823}.Debug|x86.Build.0 = Debug|Win32
		{06BD9356-2C8C-4223-88AC-A18C1D039823}.Release|x64.ActiveCfg = Release|x64
		{06BD9356-2C8C-4223-88AC-A18C1D039823}.Release|x64.Build.0 = Release|x64
		{06BD9356-2C8C-4223-88AC-A18C1D039823}.Release|x86.ActiveCfg = Release|Win32
		{06BD9356-2C8C-4223-88AC-A18C1D039823}.Release|x86.Build.0 = Release|Win32
		{1329BEA3-B0CD-4D43-9B06-43DEC249CC79}.Debug|x64.ActiveCfg = Debug|x64
		{1329BEA3-B0CD-4D43-9B06-43DEC249CC79}.Debug|x64.Build.0 = Debug|x64
		{1329BEA3-B0CD-4D43-9B06-43DEC249CC79}.Debug|x86.ActiveCfg = Debug|Win32
		{1329BEA3-B0CD-4D43-9B06-43DEC249CC79}.Debug|x86.Build.0 = Debug|Win32
		{1329BEA3-B0CD-4D43-9B06-43DEC249CC79}.Release|x64.ActiveCfg = Release|x64
		{1329BEA3-B0CD-4D43-9B06-43DEC249CC79}.Release|x64.Build.0 = Release|x64
		{1329BEA3-B0CD-4D43-9B06-43DEC249CC79}.Release|x86.ActiveCfg = Release|Win32
		{1329BEA3-B0CD-4D43-9B06-43DEC249CC79}.Release|x86.Build.0 = Release|Win32
		{2DE831BE-F958-451C-A864-921E09E8DF26}.Debug|x64.ActiveCfg = Debug|x64
		{2DE831BE-F958-451C-A864-921E09E8DF26}.Debug|x64.Build.0 = Debug|x64
		{2DE831BE-F958-451C-A864-921E09E8DF26}.Debug|x86.ActiveCfg = Debug|Win32
		{2DE831BE-F958-451C-A864-921E09E8DF26}.Debug|x86.Build.0 = Debug|Win32
		{2DE831BE-F958-451C-A864-921E09E8DF26}.Release|x64.ActiveCfg = Release|x64
		{2DE831BE-F958-451C-A864-921E09E8DF26}.Release|x64.Build.0 = Release|x64
		{2DE831BE-F958-451C-A864-921E09E8DF26}.Release|x86.ActiveCfg = Release|Win32
		{2DE831BE-F958-451C-A864-921E09E8DF26}.Release|x86.Build.0 = Release|Win32
		{0621067F-D860-42EE-B741-4E6C6E786AD1}.Debug|x64.ActiveCfg = Debug|x64
		{0621067F-D860-42EE-B741-4E6C6E786AD1}.Debug|x64.Build.0 = Debug|x64
		{0621067F-D860-42EE-B741-4E6C6E786AD1}.Debug|x86.ActiveCfg = Debug|Win32
		{0621067F-D860-42EE-B741-4E6C6E786AD1}.Debug|x86.Build.0 = Debug|Win32
		{0621067F-D860-42EE-B741-4E6C6E786AD1}.Release|x64.ActiveCfg = Release|x64
		{0621067F-D860-42EE-B741-4E6C6E786AD1}.Release|x64.Build.0 = Release|x64
		{0621067F-D860-42EE-B741-4E6C6E786AD1}.Release|x86.ActiveCfg = Release|Win32
		{0621067F-D860-42EE-B741-4E6C6E786AD1}.Release|x86.Build.0 = Release|Win32
		{4903E470-47FC-481C-BC67-7D255A7C059A}.Debug|x64.ActiveCfg = Debug|x64
		{4903E470-47FC-481C-BC67-7D255A7C059A}.Debug|x64.Build.0 = Debug|x64
		{4903E470-47FC-481C-BC67-7D255A7C059A}.Debug|x86.ActiveCfg = Debug|Win32
		{4903E470-47FC-481C-BC67-7D255A7C059A}.Debug|x86.Build.0 = Debug|Win32
		{4903E470-47FC-481C-BC67-7D255A7C059A}.Release|x64.ActiveCfg = Release|x64
		{4903E470-47FC-481C-BC67-7D255A7C059A}.Release|x64.Build.0 = Release|x64
		{4903E470-47FC-481C-BC67-7D255A7C059A}.Release|x86.ActiveCfg = Release|Win32
		{4903E470-47FC-481C-BC67-7D255A7C059A}.Release|x86.Build.0 = Release|Win32
		{B06C8C6F-2C20-413B-8D61-F0C5F6A3FF29}.Debug|x64.ActiveCfg = Debug|x64
		{B06C8C6F-2C20-413B-8D61-F0C5F6A3FF29}.Debug|x64.Build.0 = Debug|x64
		{B06C8C6F-2C20-413B-8D61-F0C5F6A3FF29}.Debug|x86.ActiveCfg = Debug|Win32
		{B06C8C6F-2C20-413B-8D61-F0C5F6A3FF29}.Debug|x86.Build.0 = Debug|Win32
		{B06C8C6F-2C20-413B-8D61-F0C5F6A3FF29}.Release|x64.ActiveCfg = Release|x64
		{B06C8C6F-2C20-413B-8D61-F0C5F6A3FF29}.Release|x64.Build.0 = Release|x64
		{B06C8C6F-2C20-413B-8D61-F0C5F6A3FF29}.Release|x86.ActiveCfg = Release|Win32
		{B06C8C6F-2C20-413B-8D61-F0C5F6A3FF29}.Release|x86.Build.0 = Release|Win32
		{64E58670-B493-4EE0-A17F-9B945CE9A4D4}.Debug|x64.ActiveCfg = Debug|x64
		{64E58670-B493-4EE0-A17F-9B945CE9A4D4}.Debug|x64.Build.0 = Debug|x64
		{64E58670-B493-4EE0-A17F-9B945CE9A4D4}.Debug|x86.ActiveCfg = Debug|Win32
		{64E58670-B493-4EE0-A17F-9B945CE9A4D4}.Debug|x86.Build.0 = Debug|Win32
		{64E58670-B493-4EE0-A17F-9B945CE9A4D4}.Release|x64.ActiveCfg = Release|x64
		{64E58670-B493-4EE0-A17F-9B945CE9A4D4}.Release|x64.Build.0 = Release|x64
		{64E58670-B493-4EE0-A17F-9B945CE9A4D4}.Release|x86.ActiveCfg = Release|Win32
		{64E58670-B493-4EE0-A17F-9B945CE9A4D4}.Release|x86.Build.0 = Release|Win32
		{C8BA6406-5A3F-4575-BF16-CA5DC8A508E0}.Debug|x64.ActiveCfg = Debug|x64
		{C8BA6406-5A3F-4575-BF16-CA5DC8A508E0}.Debug|x64.Build.0 = Debug|x64
		{C8BA6406-5A3F-4575-BF16-CA5DC8A508E0}.Debug|x86.ActiveCfg = Debug|Win32
		{C8BA6406-5A3F-4575-BF16-CA5DC8A508E0}.Debug|x86.Build.0 = Debug|Win32
		{C8BA6406-5A3F-4575-BF16-CA5DC8A508E0}.Release|x64.ActiveCfg = Release|x64
		{C8BA6406-5A3F-4575-BF16-CA5DC8A508E0}.Release|x64.Build.0 = Release|x64
		{C8BA6406-5A3F-4575-BF16-CA5DC8A508E0}.Release|x86.ActiveCfg = Release|Win32
		{C8BA6406-5A3F-4575-BF16-CA5DC8A508E0}.Release|x86.Build.0 = Release|Win32
		{4713AE39-832E-4BBD-87B9-1C8DAE8ADD49}.Debug|x64.ActiveCfg = Debug|x64
		{4713AE39-832E-4BBD-87B9-1C8DAE8ADD49}.Debug|x64.Build.0 = Debug|x64
		{4713AE39-832E-4BBD-87B9-1C8DAE8ADD49}.Debug|x86.ActiveCfg = Debug|Win32
		{4713AE39-832E-4BBD-87B9-1C8DAE8ADD49}.Debug|x86.Build.0 = Debug|Win32
		{4713AE39-832E-4BBD-87B9-1C8DAE8ADD49}.Release|x64.ActiveCfg = Release|x64
		{4713AE39-832E-4BBD-87B9-1C8DAE8ADD49}.Release|x64.Build.0 = Release|x64
		{4713AE39-832E-4BBD-87B9-1C8DAE8ADD49}.Release|x86.ActiveCfg = Release|Win32
		{4713AE39-832E-4BBD-87B9-1C8DAE8ADD49}.Release|x86.Build.0 = Release|Win32
		{E3D43EA4-DAD2-4414-A562-99B205E5FF8D}.Debug|x64.ActiveCfg = Debug|x64
		{E3D43EA4-DAD2-4414-A562-99B205E5FF8D}.Debug|x64.Build.0 = Debug|x64
		{E3D43EA4-DAD2-4414-A562-99B205E5FF8D}.Debug|x86.ActiveCfg = Debug|Win32
		{E3D43EA4-DAD2-4414-A562-99B205E5FF8D}.Debug|x86.Build.0 = Debug|Win32
		{E3D43EA4-DAD2-4414-A562-99B205E5FF8D}.Release|x64.ActiveCfg = Release|x64
		{E3D43EA4-DAD2-4414-A562-99B205E5FF8D}.Release|x64.Build.0 = Release|x64
		{E3D43EA4-DAD2-4414-A562-99B205E5FF8D}.Release|x86.ActiveCfg = Release|Win32
		{E3D43EA4-DAD2-4414-A562-99B205E5FF8D}.Release|x86.Build.0 = Release|Win32
		{4596DB36-48F9-412C-938D-B4CCC583D52E}.Debug|x64.ActiveCfg = Debug|x64
		{4596DB36-48F9-412C-938D-B4CCC583D52E}.Debug|x64.Build.0 = Debug|x64
		{4596DB36-48F9-412C-938D-B4CCC583D52E}.Debug|x86.ActiveCfg = Debug|Win32
		{4596DB36-48F9-412C-938D-B4CCC583D52E}.Debug|x86.Build.0 = Debug|Win32
		{4596DB36-48F9-412C-938D-B4CCC583D52E}.Release|x64.ActiveCfg = Release|x64
		{4596DB36-48F9-412C-938D-B4CCC583D52E}.Release|x64.Build.0 = Release|x64
		{4596DB36-48F9-412C-938D-B4CCC583D52E}.Release|x86.ActiveCfg = Release|Win32
		{4596DB36-48F9-412C-938D-B4CCC583D52E}.Release|x86.Build.0 = Release|Win32
		{8EC61598-6E67-4965-A194-E4FE0F0DA1FD}.Debug|x64.ActiveCfg = Debug|x64
		{8EC61598-6E67-4965-A194-E4FE0F0DA1FD}.Debug|x64.Build.0 = Debug|x64
		{8EC61598-6E67-4965-A194-E4FE0F0DA1FD}.Debug|x86.ActiveCfg = Debug|Win32
		{8EC61598-6E67-4965-A194-E4FE0F0DA1FD}.Debug|x86.Build.0 = Debug|Win32
		{8EC61598-6E67-4965-A194-E4FE0F0DA1FD}.Release|x64.ActiveCfg = Release|x64
		{8EC61598-6E67-4965-A194-E4FE0F0DA1FD}.Release|x64.Build.0 = Release|x64
		{8EC61598-6E67-4965-A194-E4FE0F0DA1FD}.Release|x86.ActiveCfg = Release|Win32
		{8EC61598-6E67-4965-A194-E4FE0F0DA1FD}.Release|x86.Build.0 = Release|Win32
		{1BA47688-2FFC-4F28-848A-84651EE58FE2}.Debug|x64.ActiveCfg = Debug|x64
		{1BA47688-2FFC-4F28-848A-84651EE58FE2}.Debug|x64.Build.0 = Debug|x64
		{1BA47688-2FFC-4F28-848A-84651EE58FE2}.Debug|x86.ActiveCfg = Debug|Win32
		{1BA47688-2FFC-4F28-848A-84651EE58FE2}.Debug|x86.Build.0 = Debug|Win32
		{1BA47688-2FFC-4F28-848A-84651EE58FE2}.Release|x64.ActiveCfg = Release|x64
		{1BA47688-2FFC-4F28-848A-84651EE58FE2}.Release|x64.Build.0 = Release|x64
		{1BA47688-2FFC-4F28-848A-84651EE58FE2}.Release|x86.ActiveCfg = Release|Win32
		{1BA47688-2FFC-4F28-848A-84651EE58FE2}.Release|x86.Build.0 = Release|Win32
	EndGlobalSection
	GlobalSection(SolutionProperties) = preSolution
		HideSolutionNode = FALSE
	EndGlobalSection
	GlobalSection(ExtensibilityGlobals) = postSolution
		SolutionGuid = {1A9971E7-21E8-4D11-BE76-57BA35BAB001}
	EndGlobalSection
EndGlobal
